dependencies:
  JSONStream: 1.3.5
  command-line-args: 5.1.1
  command-line-usage: 6.1.0
  proj4: 2.6.2
  pump: 3.0.0
  reproject: 1.2.6
  shapefile: 0.6.6
  topojson-server: 3.0.1
  topojson-simplify: 3.0.3
devDependencies:
  '@types/command-line-args': 5.0.0
  '@types/geojson': 7946.0.7
  '@types/jsonstream': 0.8.30
  '@types/node': 14.0.27
  '@types/proj4': 2.5.0
  '@types/pump': 1.1.0
  '@types/shapefile': 0.6.0
  '@types/topojson': 3.2.2
  '@types/topojson-server': 3.0.0
  '@types/topojson-simplify': 3.0.0
  rimraf: 3.0.2
  typescript: 3.9.7
lockfileVersion: 5.1
packages:
  /@types/command-line-args/5.0.0:
    dev: true
    resolution:
      integrity: sha512-4eOPXyn5DmP64MCMF8ePDvdlvlzt2a+F8ZaVjqmh2yFCpGjc1kI3kGnCFYX9SCsGTjQcWIyVZ86IHCEyjy/MNg==
  /@types/geojson/7946.0.7:
    dev: true
    resolution:
      integrity: sha512-wE2v81i4C4Ol09RtsWFAqg3BUitWbHSpSlIo+bNdsCJijO9sjme+zm+73ZMCa/qMC8UEERxzGbvmr1cffo2SiQ==
  /@types/jsonstream/0.8.30:
    dependencies:
      '@types/node': 14.0.27
    dev: true
    resolution:
      integrity: sha512-KqHs2eAapKL7ZKUiKI/giUYPVgkoDXkVGFehk3goo+3Q8qwxVVRC3iwg+hK/THORbcri4RRxTtlm3JoSY1KZLQ==
  /@types/node/14.0.27:
    dev: true
    resolution:
      integrity: sha512-kVrqXhbclHNHGu9ztnAwSncIgJv/FaxmzXJvGXNdcCpV1b8u1/Mi6z6m0vwy0LzKeXFTPLH0NzwmoJ3fNCIq0g==
  /@types/proj4/2.5.0:
    dev: true
    resolution:
      integrity: sha512-9bR9qvg4wZE6UiIlmhodCOZ2r38SeN8T35SsmMDuIMfACxxaMvIwiwoTJnEA9f/KEhL+BQSuD+arbZucUzYu7w==
  /@types/pump/1.1.0:
    dependencies:
      '@types/node': 14.0.27
    dev: true
    resolution:
      integrity: sha512-YGGbsqf5o7sF8gGANP8ZYxgaRGlFgEAImx5tCvA4YKRCfqbsDQZO48UmWynZzSjbhn0ZWSlsWOcb5NwvOx8KcQ==
  /@types/shapefile/0.6.0:
    dependencies:
      '@types/geojson': 7946.0.7
      '@types/node': 14.0.27
    dev: true
    resolution:
      integrity: sha512-zSX2y0DjbCgldNYSKB1vQvM4YV7zAF3MZrSYW8Vv2Ma0HixVCq6/GtsJBGdhEAIl40NCpAHCk0re3JB0yPgzvA==
  /@types/topojson-client/3.0.0:
    dependencies:
      '@types/geojson': 7946.0.7
      '@types/topojson-specification': 1.0.1
    dev: true
    resolution:
      integrity: sha512-HZH6E8XMhjkDEkkpe3HuIg95COuvjdnyy0EKrh8rAi1f6o/V6P3ly1kGyU2E8bpAffXDd2r+Rk5ceMX4XkqHnA==
  /@types/topojson-server/3.0.0:
    dependencies:
      '@types/geojson': 7946.0.7
      '@types/topojson-specification': 1.0.1
    dev: true
    resolution:
      integrity: sha512-OdIgHf+9hbEOdrZEoIaE6staRbCyssznjtggIySUqvWOk9xWK0lodLnn7ks3l8H+wgMTgelEXqyBmAtlyn0fvA==
  /@types/topojson-simplify/3.0.0:
    dependencies:
      '@types/geojson': 7946.0.7
      '@types/topojson-specification': 1.0.1
    dev: true
    resolution:
      integrity: sha512-hfrvjZ/KbdAFBgJzdPfkixHgMNbhRvvFSCIOga1rAeluksFV9sSTWx+N4vZymqcfz1J+yMZfP2SCRt+/DHsJCQ==
  /@types/topojson-specification/1.0.1:
    dependencies:
      '@types/geojson': 7946.0.7
    dev: true
    resolution:
      integrity: sha512-ZZYZUgkmUls9Uhxx2WZNt9f/h2+H3abUUjOVmq+AaaDFckC5oAwd+MDp95kBirk+XCXrYj0hfpI6DSUiJMrpYQ==
  /@types/topojson/3.2.2:
    dependencies:
      '@types/geojson': 7946.0.7
      '@types/topojson-client': 3.0.0
      '@types/topojson-server': 3.0.0
      '@types/topojson-simplify': 3.0.0
      '@types/topojson-specification': 1.0.1
    dev: true
    resolution:
      integrity: sha512-CwIJKe3YmNZ4oMcjJ//+8IXe6YA+znX6DXe0alCEoMoiWEM97QfjuP9BhPdvSU4pa0ZgghYJYtKcTprZhJm7Kw==
  /JSONStream/1.3.5:
    dependencies:
      jsonparse: 1.3.1
      through: 2.3.8
    dev: false
    hasBin: true
    resolution:
      integrity: sha512-E+iruNOY8VV9s4JEbe1aNEm6MiszPRr/UfcHMz0TQh1BXSxHK+ASV1R6W4HpjBhSeS+54PIsAMCBmwD06LLsqQ==
  /ansi-styles/3.2.1:
    dependencies:
      color-convert: 1.9.3
    dev: false
    engines:
      node: '>=4'
    resolution:
      integrity: sha512-VT0ZI6kZRdTh8YyJw3SMbYm/u+NqfsAxEpWO0Pf9sq8/e94WxxOpPKx9FR1FlyCtOVDNOQ+8ntlqFxiRc+r5qA==
  /array-back/3.1.0:
    dev: false
    engines:
      node: '>=6'
    resolution:
      integrity: sha512-TkuxA4UCOvxuDK6NZYXCalszEzj+TLszyASooky+i742l9TqsOdYCMJJupxRic61hwquNtppB3hgcuq9SVSH1Q==
  /array-back/4.0.1:
    dev: false
    engines:
      node: '>=8'
    resolution:
      integrity: sha512-Z/JnaVEXv+A9xabHzN43FiiiWEE7gPCRXMrVmRm00tWbjZRul1iHm7ECzlyNq1p4a4ATXz+G9FJ3GqGOkOV3fg==
  /array-source/0.0.4:
    dev: false
    resolution:
      integrity: sha512-frNdc+zBn80vipY+GdcJkLEbMWj3xmzArYApmUGxoiV8uAu/ygcs9icPdsGdA26h0MkHUMW6EN2piIvVx+M5Mw==
  /balanced-match/1.0.0:
    dev: true
    resolution:
      integrity: sha1-ibTRmasr7kneFk6gK4nORi1xt2c=
  /brace-expansion/1.1.11:
    dependencies:
      balanced-match: 1.0.0
      concat-map: 0.0.1
    dev: true
    resolution:
      integrity: sha512-iCuPHDFgrHX7H2vEI/5xpz07zSHB00TpugqhmYtVmMO6518mCuRMoOYFldEBl0g187ufozdaHgWKcYFb61qGiA==
  /buffer-from/1.1.1:
    dev: false
    resolution:
      integrity: sha512-MQcXEUbCKtEo7bhqEs6560Hyd4XaovZlO/k9V3hjVUF/zwW7KBVdSK4gIt/bzwS9MbR5qob+F5jusZsb0YQK2A==
  /chalk/2.4.2:
    dependencies:
      ansi-styles: 3.2.1
      escape-string-regexp: 1.0.5
      supports-color: 5.5.0
    dev: false
    engines:
      node: '>=4'
    resolution:
      integrity: sha512-Mti+f9lpJNcwF4tWV8/OrTTtF1gZi+f8FqlyAdouralcFWFQWF2+NgCHShjkCb+IFBLq9buZwE1xckQU4peSuQ==
  /color-convert/1.9.3:
    dependencies:
      color-name: 1.1.3
    dev: false
    resolution:
      integrity: sha512-QfAUtd+vFdAtFQcC8CCyYt1fYWxSqAiK2cSD6zDB8N3cpsEBAvRxp9zOGg6G/SHHJYAT88/az/IuDGALsNVbGg==
  /color-name/1.1.3:
    dev: false
    resolution:
      integrity: sha1-p9BVi9icQveV3UIyj3QIMcpTvCU=
  /command-line-args/5.1.1:
    dependencies:
      array-back: 3.1.0
      find-replace: 3.0.0
      lodash.camelcase: 4.3.0
      typical: 4.0.0
    dev: false
    engines:
      node: '>=4.0.0'
    resolution:
      integrity: sha512-hL/eG8lrll1Qy1ezvkant+trihbGnaKaeEjj6Scyr3DN+RC7iQ5Rz84IeLERfAWDGo0HBSNAakczwgCilDXnWg==
  /command-line-usage/6.1.0:
    dependencies:
      array-back: 4.0.1
      chalk: 2.4.2
      table-layout: 1.0.1
      typical: 5.2.0
    dev: false
    engines:
      node: '>=8.0.0'
    resolution:
      integrity: sha512-Ew1clU4pkUeo6AFVDFxCbnN7GIZfXl48HIOQeFQnkO3oOqvpI7wdqtLRwv9iOCZ/7A+z4csVZeiDdEcj8g6Wiw==
  /commander/2.20.3:
    dev: false
    resolution:
      integrity: sha512-GpVkmM8vF2vQUkj2LvZmD35JxeJOLCwJ9cUkugyk2nuhbv3+mJvpLYYt+0+USMxE+oj+ey/lJEnhZw75x/OMcQ==
  /concat-map/0.0.1:
    dev: true
    resolution:
      integrity: sha1-2Klr13/Wjfd5OnMDajug1UBdR3s=
  /concat-stream/2.0.0:
    dependencies:
      buffer-from: 1.1.1
      inherits: 2.0.4
      readable-stream: 3.6.0
      typedarray: 0.0.6
    dev: false
    engines:
      '0': node >= 6.0
    resolution:
      integrity: sha512-MWufYdFw53ccGjCA+Ol7XJYpAlW6/prSMzuPOTRnJGcGzuhLn4Scrz7qf6o8bROZ514ltazcIFJZevcfbo0x7A==
  /deep-extend/0.6.0:
    dev: false
    engines:
      node: '>=4.0.0'
    resolution:
      integrity: sha512-LOHxIOaPYdHlJRtCQfDIVZtfw/ufM8+rVj649RIHzcm/vGwQRXFt6OPqIFWsm2XEMrNIEtWR64sY1LEKD2vAOA==
  /duplexer/0.1.2:
    dev: false
    resolution:
      integrity: sha512-jtD6YG370ZCIi/9GTaJKQxWTZD045+4R4hTk/x1UyoqadyJ9x9CgSi1RlVDQF8U2sxLLSnFkCaMihqljHIWgMg==
  /end-of-stream/1.4.4:
    dependencies:
      once: 1.4.0
    dev: false
    resolution:
      integrity: sha512-+uw1inIHVPQoaVuHzRyXd21icM+cnt4CzD5rW+NC1wjOUSTOs+Te7FOv7AhN7vS9x/oIyhLP5PR1H+phQAHu5Q==
  /escape-string-regexp/1.0.5:
    dev: false
    engines:
      node: '>=0.8.0'
    resolution:
      integrity: sha1-G2HAViGQqN/2rjuyzwIAyhMLhtQ=
  /event-stream/4.0.1:
    dependencies:
      duplexer: 0.1.2
      from: 0.1.7
      map-stream: 0.0.7
      pause-stream: 0.0.11
      split: 1.0.1
      stream-combiner: 0.2.2
      through: 2.3.8
    dev: false
    resolution:
      integrity: sha512-qACXdu/9VHPBzcyhdOWR5/IahhGMf0roTeZJfzz077GwylcDd90yOHLouhmv7GJ5XzPi6ekaQWd8AvPP2nOvpA==
  /file-source/0.6.1:
    dependencies:
      stream-source: 0.3.5
    dev: false
    resolution:
      integrity: sha1-rhidSZN2a4Zad/g63Pm5pQTNN9w=
  /find-replace/3.0.0:
    dependencies:
      array-back: 3.1.0
    dev: false
    engines:
      node: '>=4.0.0'
    resolution:
      integrity: sha512-6Tb2myMioCAgv5kfvP5/PkZZ/ntTpVK39fHY7WkWBgvbeE+VHd/tZuZ4mrC+bxh4cfOZeYKVPaJIZtZXV7GNCQ==
  /from/0.1.7:
    dev: false
    resolution:
      integrity: sha1-g8YK/Fi5xWmXAH7Rp2izqzA6RP4=
  /fs.realpath/1.0.0:
    dev: true
    resolution:
      integrity: sha1-FQStJSMVjKpA20onh8sBQRmU6k8=
  /geojson-stream/0.1.0:
    dependencies:
      JSONStream: 1.3.5
      through: 2.3.8
    dev: false
    resolution:
      integrity: sha512-svSg5fFXPaTiqzEBGXScA+nISaeC9rLvku2PH+wM5LToATUw2bLIrvls43ymnT9Xnp51nBPVyK9m4Af40KpJ7w==
  /glob/7.1.6:
    dependencies:
      fs.realpath: 1.0.0
      inflight: 1.0.6
      inherits: 2.0.4
      minimatch: 3.0.4
      once: 1.4.0
      path-is-absolute: 1.0.1
    dev: true
    resolution:
      integrity: sha512-LwaxwyZ72Lk7vZINtNNrywX0ZuLyStrdDtabefZKAY5ZGJhVtgdznluResxNmPitE0SAO+O26sWTHeKSI2wMBA==
  /has-flag/3.0.0:
    dev: false
    engines:
      node: '>=4'
    resolution:
      integrity: sha1-tdRU3CGZriJWmfNGfloH87lVuv0=
  /inflight/1.0.6:
    dependencies:
      once: 1.4.0
      wrappy: 1.0.2
    dev: true
    resolution:
      integrity: sha1-Sb1jMdfQLQwJvJEKEHW6gWW1bfk=
  /inherits/2.0.4:
    resolution:
      integrity: sha512-k/vGaX4/Yla3WzyMCvTQOXYeIHvqOKtnqBduzTHpzpQZzAskKMhZ2K+EnBiSM9zGSoIFeMpXKxa4dYeZIQqewQ==
  /jsonparse/1.3.1:
    dev: false
    engines:
      '0': node >= 0.2.0
    resolution:
      integrity: sha1-P02uSpH6wxX3EGL4UhzCOfE2YoA=
  /lodash.camelcase/4.3.0:
    dev: false
    resolution:
      integrity: sha1-soqmKIorn8ZRA1x3EfZathkDMaY=
  /map-stream/0.0.7:
    dev: false
    resolution:
      integrity: sha1-ih8HiW2CsQkmvTdEokIACfiJdKg=
  /mgrs/1.0.0:
    dev: false
    resolution:
      integrity: sha1-+5FYjnjJACVnI5XLQLJffNatGCk=
  /minimatch/3.0.4:
    dependencies:
      brace-expansion: 1.1.11
    dev: true
    resolution:
      integrity: sha512-yJHVQEhyqPLUTgt9B83PXu6W3rx4MvvHvSUvToogpwoGDOUQ+yDrR0HRot+yOCdCO7u4hX3pWft6kWBBcqh0UA==
  /minimist/1.2.5:
    dev: false
    resolution:
      integrity: sha512-FM9nNUYrRBAELZQT3xeZQ7fmMOBg6nWNmJKTcgsJeaLstP/UODVpGsr5OhXhhXg6f+qtJ8uiZ+PUxkDWcgIXLw==
  /once/1.4.0:
    dependencies:
      wrappy: 1.0.2
    resolution:
      integrity: sha1-WDsap3WWHUsROsF9nFC6753Xa9E=
  /path-is-absolute/1.0.1:
    dev: true
    engines:
      node: '>=0.10.0'
    resolution:
      integrity: sha1-F0uSaHNVNP+8es5r9TpanhtcX18=
  /path-source/0.1.3:
    dependencies:
      array-source: 0.0.4
      file-source: 0.6.1
    dev: false
    resolution:
      integrity: sha512-dWRHm5mIw5kw0cs3QZLNmpUWty48f5+5v9nWD2dw3Y0Hf+s01Ag8iJEWV0Sm0kocE8kK27DrIowha03e1YR+Qw==
  /pause-stream/0.0.11:
    dependencies:
      through: 2.3.8
    dev: false
    resolution:
      integrity: sha1-/lo0sMvOErWqaitAPuLnO2AvFEU=
  /proj4/2.6.2:
    dependencies:
      mgrs: 1.0.0
      wkt-parser: 1.2.4
    dev: false
    resolution:
      integrity: sha512-Pn0+HZtXb4JzuN8RR0VM7yyseegiYHbXkF+2FOdGpzRojcZ1BTjWxOh7qfp2vH0EyLu8pvcrhLxidwzgyUy/Gw==
  /pump/3.0.0:
    dependencies:
      end-of-stream: 1.4.4
      once: 1.4.0
    dev: false
    resolution:
      integrity: sha512-LwZy+p3SFs1Pytd/jYct4wpv49HiYCqd9Rlc5ZVdk0V+8Yzv6jR5Blk3TRmPL1ft69TxP0IMZGJ+WPFU2BFhww==
  /readable-stream/3.6.0:
    dependencies:
      inherits: 2.0.4
      string_decoder: 1.3.0
      util-deprecate: 1.0.2
    dev: false
    engines:
      node: '>= 6'
    resolution:
      integrity: sha512-BViHy7LKeTz4oNnkcLJ+lVSL6vpiFeX6/d3oSH8zCW7UxP2onchk+vTGB143xuFjHS3deTgkKoXXymXqymiIdA==
  /reduce-flatten/2.0.0:
    dev: false
    engines:
      node: '>=6'
    resolution:
      integrity: sha512-EJ4UNY/U1t2P/2k6oqotuX2Cc3T6nxJwsM0N0asT7dhrtH1ltUxDn4NalSYmPE2rCkVpcf/X6R0wDwcFpzhd4w==
  /reproject/1.2.6:
    dependencies:
      concat-stream: 2.0.0
      event-stream: 4.0.1
      geojson-stream: 0.1.0
      minimist: 1.2.5
      proj4: 2.6.2
    dev: false
    hasBin: true
    resolution:
      integrity: sha512-OqUwL51rpfckWTndHezDXuMDu6dcql6zghhUFjM63slz4xC9oo4BskFY6T1AFMCZ+YJIB1UdJU0vagAkRwcAFg==
  /rimraf/3.0.2:
    dependencies:
      glob: 7.1.6
    dev: true
    hasBin: true
    resolution:
      integrity: sha512-JZkJMZkAGFFPP2YqXZXPbMlMBgsxzE8ILs4lMIX/2o0L9UBw9O/Y3o6wFw/i9YLapcUJWwqbi3kdxIPdC62TIA==
  /safe-buffer/5.2.1:
    dev: false
    resolution:
      integrity: sha512-rp3So07KcdmmKbGvgaNxQSJr7bGVSVk5S9Eq1F+ppbRo70+YeaDxkw5Dd8NPN+GD6bjnYm2VuPuCXmpuYvmCXQ==
  /shapefile/0.6.6:
    dependencies:
      array-source: 0.0.4
      commander: 2.20.3
      path-source: 0.1.3
      slice-source: 0.4.1
      stream-source: 0.3.5
      text-encoding: 0.6.4
    dev: false
    hasBin: true
    resolution:
      integrity: sha512-rLGSWeK2ufzCVx05wYd+xrWnOOdSV7xNUW5/XFgx3Bc02hBkpMlrd2F1dDII7/jhWzv0MSyBFh5uJIy9hLdfuw==
  /slice-source/0.4.1:
    dev: false
    resolution:
      integrity: sha1-QKV6wDxmaLXaIA4FN44AC/KmHXk=
  /split/1.0.1:
    dependencies:
      through: 2.3.8
    dev: false
    resolution:
      integrity: sha512-mTyOoPbrivtXnwnIxZRFYRrPNtEFKlpB2fvjSnCQUiAA6qAZzqwna5envK4uk6OIeP17CsdF3rSBGYVBsU0Tkg==
  /stream-combiner/0.2.2:
    dependencies:
      duplexer: 0.1.2
      through: 2.3.8
    dev: false
    resolution:
      integrity: sha1-rsjLrBd7Vrb0+kec7YwZEs7lKFg=
  /stream-source/0.3.5:
    dev: false
    resolution:
      integrity: sha512-ZuEDP9sgjiAwUVoDModftG0JtYiLUV8K4ljYD1VyUMRWtbVf92474o4kuuul43iZ8t/hRuiDAx1dIJSvirrK/g==
  /string_decoder/1.3.0:
    dependencies:
      safe-buffer: 5.2.1
    dev: false
    resolution:
      integrity: sha512-hkRX8U1WjJFd8LsDJ2yQ/wWWxaopEsABU1XfkM8A+j0+85JAGppt16cr1Whg6KIbb4okU6Mql6BOj+uup/wKeA==
  /supports-color/5.5.0:
    dependencies:
      has-flag: 3.0.0
    dev: false
    engines:
      node: '>=4'
    resolution:
      integrity: sha512-QjVjwdXIt408MIiAqCX4oUKsgU2EqAGzs2Ppkm4aQYbjm+ZEWEcW4SfFNTr4uMNZma0ey4f5lgLrkB0aX0QMow==
  /table-layout/1.0.1:
    dependencies:
      array-back: 4.0.1
      deep-extend: 0.6.0
      typical: 5.2.0
      wordwrapjs: 4.0.0
    dev: false
    engines:
      node: '>=8.0.0'
    resolution:
      integrity: sha512-dEquqYNJiGwY7iPfZ3wbXDI944iqanTSchrACLL2nOB+1r+h1Nzu2eH+DuPPvWvm5Ry7iAPeFlgEtP5bIp5U7Q==
  /text-encoding/0.6.4:
    deprecated: no longer maintained
    dev: false
    resolution:
      integrity: sha1-45mpgiV6J22uQou5KEXLcb3CbRk=
  /through/2.3.8:
    dev: false
    resolution:
      integrity: sha1-DdTJ/6q8NXlgsbckEV1+Doai4fU=
  /topojson-client/3.1.0:
    dependencies:
      commander: 2.20.3
    dev: false
    hasBin: true
    resolution:
      integrity: sha512-605uxS6bcYxGXw9qi62XyrV6Q3xwbndjachmNxu8HWTtVPxZfEJN9fd/SZS1Q54Sn2y0TMyMxFj/cJINqGHrKw==
  /topojson-server/3.0.1:
    dependencies:
      commander: 2.20.3
    dev: false
    hasBin: true
    resolution:
      integrity: sha512-/VS9j/ffKr2XAOjlZ9CgyyeLmgJ9dMwq6Y0YEON8O7p/tGGk+dCWnrE03zEdu7i4L7YsFZLEPZPzCvcB7lEEXw==
  /topojson-simplify/3.0.3:
    dependencies:
      commander: 2.20.3
      topojson-client: 3.1.0
    dev: false
    hasBin: true
    resolution:
      integrity: sha512-V+pBjLVzSQ3+hSOxBiV01OVXgFiCmMO8ia3huxKEyIMTC1ApQHBcdXdOqcQ6U2JJJD31TZduwY6KyF15R8sUgg==
  /typedarray/0.0.6:
    dev: false
    resolution:
      integrity: sha1-hnrHTjhkGHsdPUfZlqeOxciDB3c=
  /typescript/3.9.7:
    dev: true
    engines:
      node: '>=4.2.0'
    hasBin: true
    resolution:
      integrity: sha512-BLbiRkiBzAwsjut4x/dsibSTB6yWpwT5qWmC2OfuCg3GgVQCSgMs4vEctYPhsaGtd0AeuuHMkjZ2h2WG8MSzRw==
  /typical/4.0.0:
    dev: false
    engines:
      node: '>=8'
    resolution:
      integrity: sha512-VAH4IvQ7BDFYglMd7BPRDfLgxZZX4O4TFcRDA6EN5X7erNJJq+McIEp8np9aVtxrCJ6qx4GTYVfOWNjcqwZgRw==
  /typical/5.2.0:
    dev: false
    engines:
      node: '>=8'
    resolution:
      integrity: sha512-dvdQgNDNJo+8B2uBQoqdb11eUCE1JQXhvjC/CZtgvZseVd5TYMXnq0+vuUemXbd/Se29cTaUuPX3YIc2xgbvIg==
  /util-deprecate/1.0.2:
    dev: false
    resolution:
      integrity: sha1-RQ1Nyfpw3nMnYvvS1KKJgUGaDM8=
  /wkt-parser/1.2.4:
    dev: false
    resolution:
      integrity: sha512-ZzKnc7ml/91fOPh5bANBL4vUlWPIYYv11waCtWTkl2TRN+LEmBg60Q1MA8gqV4hEp4MGfSj9JiHz91zw/gTDXg==
  /wordwrapjs/4.0.0:
    dependencies:
      reduce-flatten: 2.0.0
      typical: 5.2.0
    dev: false
    engines:
      node: '>=8.0.0'
    resolution:
      integrity: sha512-Svqw723a3R34KvsMgpjFBYCgNOSdcW3mQFK4wIfhGQhtaFVOJmdYoXgi63ne3dTlWgatVcUc7t4HtQ/+bUVIzQ==
  /wrappy/1.0.2:
    resolution:
      integrity: sha1-tSQ9jz7BqjXxNkYFvA0QNuMKtp8=
specifiers:
  '@types/command-line-args': ^5.0.0
  '@types/geojson': ^7946.0.7
  '@types/jsonstream': ^0.8.30
  '@types/node': ^14.0.27
  '@types/proj4': ^2.5.0
  '@types/pump': ^1.1.0
  '@types/shapefile': ^0.6.0
  '@types/topojson': ^3.2.2
  '@types/topojson-server': ^3.0.0
  '@types/topojson-simplify': ^3.0.0
  JSONStream: ~1.3.5
  command-line-args: ~5.1.1
  command-line-usage: ~6.1.0
  proj4: ~2.6.2
  pump: ~3.0.0
  reproject: ~1.2.5
  rimraf: 3.0.2
  shapefile: ~0.6.6
  topojson-server: ^3.0.1
  topojson-simplify: ^3.0.3
  typescript: ^3.9.7
